// !$*UTF8*$!
{
	archiveVersion = 1;
	classes = {
	};
	objectVersion = 77;
	objects = {

/* Begin PBXBuildFile section */
		059545AC2F6ED78F00D871C3 /* SimpleTabataApp.swift in Sources */ = {isa = PBXBuildFile; fileRef = 059545A92F6ED78F00D871C3 /* SimpleTabataApp.swift */; };
		059545AD2F6ED78F00D871C3 /* Assets.xcassets in Resources */ = {isa = PBXBuildFile; fileRef = 059545A72F6ED78F00D871C3 /* Assets.xcassets */; };
		059545B22F6ED7CB00D871C3 /* TimerViewModel.swift in Sources */ = {isa = PBXBuildFile; fileRef = 059545B12F6ED7CB00D871C3 /* TimerViewModel.swift */; };
		059545B42F6ED7F000D871C3 /* TimerView.swift in Sources */ = {isa = PBXBuildFile; fileRef = 059545B32F6ED7F000D871C3 /* TimerView.swift */; };
		059545B62F6ED7FD00D871C3 /* TimerSettingsView.swift in Sources */ = {isa = PBXBuildFile; fileRef = 059545B52F6ED7FD00D871C3 /* TimerSettingsView.swift */; };
		059545B92F6EDBB400D871C3 /* MainTimeView.swift in Sources */ = {isa = PBXBuildFile; fileRef = 059545B82F6EDBB400D871C3 /* MainTimeView.swift */; };
		059545BB2F6EDCC800D871C3 /* PhaseTitleView.swift in Sources */ = {isa = PBXBuildFile; fileRef = 059545BA2F6EDCC800D871C3 /* PhaseTitleView.swift */; };
		059545BD2F6EDDFC00D871C3 /* InfoView.swift in Sources */ = {isa = PBXBuildFile; fileRef = 059545BC2F6EDDFC00D871C3 /* InfoView.swift */; };
		059545BF2F6EE1A700D871C3 /* TimeButton.swift in Sources */ = {isa = PBXBuildFile; fileRef = 059545BE2F6EE1A700D871C3 /* TimeButton.swift */; };
		059545C12F6EE81400D871C3 /* Phase.swift in Sources */ = {isa = PBXBuildFile; fileRef = 059545C02F6EE81400D871C3 /* Phase.swift */; };
		059545C42F6EE99700D871C3 /* TimeService.swift in Sources */ = {isa = PBXBuildFile; fileRef = 059545C32F6EE99700D871C3 /* TimeService.swift */; };
		059545C62F6EE99D00D871C3 /* AudioService.swift in Sources */ = {isa = PBXBuildFile; fileRef = 059545C52F6EE99D00D871C3 /* AudioService.swift */; };
		059545C82F6EEB4C00D871C3 /* TimeActionButton.swift in Sources */ = {isa = PBXBuildFile; fileRef = 059545C72F6EEB4C00D871C3 /* TimeActionButton.swift */; };
		059545CA2F6F03F400D871C3 /* FavoriteTimerView.swift in Sources */ = {isa = PBXBuildFile; fileRef = 059545C92F6F03F400D871C3 /* FavoriteTimerView.swift */; };
		059545CC2F6F087400D871C3 /* HapticService.swift in Sources */ = {isa = PBXBuildFile; fileRef = 059545CB2F6F087400D871C3 /* HapticService.swift */; };
		059545CE2F6EF00200D871C3 /* AppData.swift in Sources */ = {isa = PBXBuildFile; fileRef = 059545CF2F6EF00200D871C3 /* AppData.swift */; };
		059545CF2F6F0DE800D871C3 /* start.mp3 in Resources */ = {isa = PBXBuildFile; fileRef = 059545CE2F6F0DE800D871C3 /* start.mp3 */; };
		059545D02F6EF00200D871C3 /* StorageService.swift in Sources */ = {isa = PBXBuildFile; fileRef = 059545D12F6EF00200D871C3 /* StorageService.swift */; };
		059545D12F6F0E0400D871C3 /* beep.mp3 in Resources */ = {isa = PBXBuildFile; fileRef = 059545D02F6F0E0400D871C3 /* beep.mp3 */; };
		059545D32F6F13B200D871C3 /* launchScreen.storyboard in Resources */ = {isa = PBXBuildFile; fileRef = 059545D22F6F13B200D871C3 /* launchScreen.storyboard */; };
		059545D82F6F100100D871C3 /* WorkoutHistoryEntry.swift in Sources */ = {isa = PBXBuildFile; fileRef = 059545D92F6F100100D871C3 /* WorkoutHistoryEntry.swift */; };
		059545DA2F6F100100D871C3 /* WorkoutHistoryService.swift in Sources */ = {isa = PBXBuildFile; fileRef = 059545DB2F6F100100D871C3 /* WorkoutHistoryService.swift */; };
		059545DC2F6F100100D871C3 /* SaveFavoriteParametersSheet.swift in Sources */ = {isa = PBXBuildFile; fileRef = 059545DD2F6F100100D871C3 /* SaveFavoriteParametersSheet.swift */; };
		059545EA2F6F300100D871C3 /* PhaseAppearance.swift in Sources */ = {isa = PBXBuildFile; fileRef = 059545EB2F6F300100D871C3 /* PhaseAppearance.swift */; };
		05C8073A2F72B56700C5E8E0 /* ProfileView.swift in Sources */ = {isa = PBXBuildFile; fileRef = 05C807392F72B56700C5E8E0 /* ProfileView.swift */; };
		05C8073B2F72C10000C5E8E0 /* TimerColorEditorView.swift in Sources */ = {isa = PBXBuildFile; fileRef = 05C8073C2F72C10000C5E8E0 /* TimerColorEditorView.swift */; };
/* End PBXBuildFile section */

/* Begin PBXFileReference section */
		059545992F6ED77A00D871C3 /* SimpleTabata.app */ = {isa = PBXFileReference; explicitFileType = wrapper.application; includeInIndex = 0; path = SimpleTabata.app; sourceTree = BUILT_PRODUCTS_DIR; };
		059545A72F6ED78F00D871C3 /* Assets.xcassets */ = {isa = PBXFileReference; lastKnownFileType = folder.assetcatalog; path = Assets.xcassets; sourceTree = "<group>"; };
		059545A92F6ED78F00D871C3 /* SimpleTabataApp.swift */ = {isa = PBXFileReference; lastKnownFileType = sourcecode.swift; path = SimpleTabataApp.swift; sourceTree = "<group>"; };
		059545B12F6ED7CB00D871C3 /* TimerViewModel.swift */ = {isa = PBXFileReference; lastKnownFileType = sourcecode.swift; path = TimerViewModel.swift; sourceTree = "<group>"; };
		059545B32F6ED7F000D871C3 /* TimerView.swift */ = {isa = PBXFileReference; lastKnownFileType = sourcecode.swift; path = TimerView.swift; sourceTree = "<group>"; };
		059545B52F6ED7FD00D871C3 /* TimerSettingsView.swift */ = {isa = PBXFileReference; lastKnownFileType = sourcecode.swift; path = TimerSettingsView.swift; sourceTree = "<group>"; };
		059545B82F6EDBB400D871C3 /* MainTimeView.swift */ = {isa = PBXFileReference; lastKnownFileType = sourcecode.swift; path = MainTimeView.swift; sourceTree = "<group>"; };
		059545BA2F6EDCC800D871C3 /* PhaseTitleView.swift */ = {isa = PBXFileReference; lastKnownFileType = sourcecode.swift; path = PhaseTitleView.swift; sourceTree = "<group>"; };
		059545BC2F6EDDFC00D871C3 /* InfoView.swift */ = {isa = PBXFileReference; lastKnownFileType = sourcecode.swift; path = InfoView.swift; sourceTree = "<group>"; };
		059545BE2F6EE1A700D871C3 /* TimeButton.swift */ = {isa = PBXFileReference; lastKnownFileType = sourcecode.swift; path = TimeButton.swift; sourceTree = "<group>"; };
		059545C02F6EE81400D871C3 /* Phase.swift */ = {isa = PBXFileReference; lastKnownFileType = sourcecode.swift; path = Phase.swift; sourceTree = "<group>"; };
		059545C32F6EE99700D871C3 /* TimeService.swift */ = {isa = PBXFileReference; lastKnownFileType = sourcecode.swift; path = TimeService.swift; sourceTree = "<group>"; };
		059545C52F6EE99D00D871C3 /* AudioService.swift */ = {isa = PBXFileReference; lastKnownFileType = sourcecode.swift; path = AudioService.swift; sourceTree = "<group>"; };
		059545C72F6EEB4C00D871C3 /* TimeActionButton.swift */ = {isa = PBXFileReference; lastKnownFileType = sourcecode.swift; path = TimeActionButton.swift; sourceTree = "<group>"; };
		059545C92F6F03F400D871C3 /* FavoriteTimerView.swift */ = {isa = PBXFileReference; lastKnownFileType = sourcecode.swift; path = FavoriteTimerView.swift; sourceTree = "<group>"; };
		059545CB2F6F087400D871C3 /* HapticService.swift */ = {isa = PBXFileReference; lastKnownFileType = sourcecode.swift; path = HapticService.swift; sourceTree = "<group>"; };
		059545CE2F6F0DE800D871C3 /* start.mp3 */ = {isa = PBXFileReference; lastKnownFileType = audio.mp3; path = start.mp3; sourceTree = "<group>"; };
		059545CF2F6EF00200D871C3 /* AppData.swift */ = {isa = PBXFileReference; lastKnownFileType = sourcecode.swift; path = AppData.swift; sourceTree = "<group>"; };
		059545D02F6F0E0400D871C3 /* beep.mp3 */ = {isa = PBXFileReference; lastKnownFileType = audio.mp3; path = beep.mp3; sourceTree = "<group>"; };
		059545D12F6EF00200D871C3 /* StorageService.swift */ = {isa = PBXFileReference; lastKnownFileType = sourcecode.swift; path = StorageService.swift; sourceTree = "<group>"; };
		059545D22F6F13B200D871C3 /* launchScreen.storyboard */ = {isa = PBXFileReference; lastKnownFileType = file.storyboard; path = launchScreen.storyboard; sourceTree = "<group>"; };
		059545D92F6F100100D871C3 /* WorkoutHistoryEntry.swift */ = {isa = PBXFileReference; lastKnownFileType = sourcecode.swift; path = WorkoutHistoryEntry.swift; sourceTree = "<group>"; };
		059545DB2F6F100100D871C3 /* WorkoutHistoryService.swift */ = {isa = PBXFileReference; lastKnownFileType = sourcecode.swift; path = WorkoutHistoryService.swift; sourceTree = "<group>"; };
		059545DD2F6F100100D871C3 /* SaveFavoriteParametersSheet.swift */ = {isa = PBXFileReference; lastKnownFileType = sourcecode.swift; path = SaveFavoriteParametersSheet.swift; sourceTree = "<group>"; };
		059545EB2F6F300100D871C3 /* PhaseAppearance.swift */ = {isa = PBXFileReference; lastKnownFileType = sourcecode.swift; path = PhaseAppearance.swift; sourceTree = "<group>"; };
		05C807392F72B56700C5E8E0 /* ProfileView.swift */ = {isa = PBXFileReference; lastKnownFileType = sourcecode.swift; path = ProfileView.swift; sourceTree = "<group>"; };
		05C8073C2F72C10000C5E8E0 /* TimerColorEditorView.swift */ = {isa = PBXFileReference; lastKnownFileType = sourcecode.swift; path = TimerColorEditorView.swift; sourceTree = "<group>"; };
/* End PBXFileReference section */

/* Begin PBXFrameworksBuildPhase section */
		059545962F6ED77A00D871C3 /* Frameworks */ = {
			isa = PBXFrameworksBuildPhase;
			buildActionMask = 2147483647;
			files = (
			);
			runOnlyForDeploymentPostprocessing = 0;
		};
/* End PBXFrameworksBuildPhase section */

/* Begin PBXGroup section */
		059545902F6ED77A00D871C3 = {
			isa = PBXGroup;
			children = (
				059545AA2F6ED78F00D871C3 /* SimpleTabata */,
				0595459A2F6ED77A00D871C3 /* Products */,
			);
			sourceTree = "<group>";
		};
		0595459A2F6ED77A00D871C3 /* Products */ = {
			isa = PBXGroup;
			children = (
				059545992F6ED77A00D871C3 /* SimpleTabata.app */,
			);
			name = Products;
			sourceTree = "<group>";
		};
		059545AA2F6ED78F00D871C3 /* SimpleTabata */ = {
			isa = PBXGroup;
			children = (
				059545CD2F6F0D9D00D871C3 /* Sounds */,
				059545A92F6ED78F00D871C3 /* SimpleTabataApp.swift */,
				059545C22F6EE98E00D871C3 /* Services */,
				059545B72F6ED8CD00D871C3 /* Models */,
				059545B02F6ED7B900D871C3 /* ViewModels */,
				059545AF2F6ED7AF00D871C3 /* Views */,
				059545AE2F6ED7A100D871C3 /* UIComponents */,
				059545A72F6ED78F00D871C3 /* Assets.xcassets */,
				059545D22F6F13B200D871C3 /* launchScreen.storyboard */,
			);
			path = SimpleTabata;
			sourceTree = "<group>";
		};
		059545AE2F6ED7A100D871C3 /* UIComponents */ = {
			isa = PBXGroup;
			children = (
				059545B82F6EDBB400D871C3 /* MainTimeView.swift */,
				059545BA2F6EDCC800D871C3 /* PhaseTitleView.swift */,
				059545BC2F6EDDFC00D871C3 /* InfoView.swift */,
				059545BE2F6EE1A700D871C3 /* TimeButton.swift */,
			);
			path = UIComponents;
			sourceTree = "<group>";
		};
		059545AF2F6ED7AF00D871C3 /* Views */ = {
			isa = PBXGroup;
			children = (
				059545B32F6ED7F000D871C3 /* TimerView.swift */,
				05C807392F72B56700C5E8E0 /* ProfileView.swift */,
				059545C92F6F03F400D871C3 /* FavoriteTimerView.swift */,
				059545DD2F6F100100D871C3 /* SaveFavoriteParametersSheet.swift */,
				059545B52F6ED7FD00D871C3 /* TimerSettingsView.swift */,
				05C8073C2F72C10000C5E8E0 /* TimerColorEditorView.swift */,
			);
			path = Views;
			sourceTree = "<group>";
		};
		059545B02F6ED7B900D871C3 /* ViewModels */ = {
			isa = PBXGroup;
			children = (
				059545B12F6ED7CB00D871C3 /* TimerViewModel.swift */,
			);
			path = ViewModels;
			sourceTree = "<group>";
		};
		059545B72F6ED8CD00D871C3 /* Models */ = {
			isa = PBXGroup;
			children = (
				059545CF2F6EF00200D871C3 /* AppData.swift */,
				059545C02F6EE81400D871C3 /* Phase.swift */,
				059545EB2F6F300100D871C3 /* PhaseAppearance.swift */,
				059545C72F6EEB4C00D871C3 /* TimeActionButton.swift */,
				059545D92F6F100100D871C3 /* WorkoutHistoryEntry.swift */,
			);
			path = Models;
			sourceTree = "<group>";
		};
		059545C22F6EE98E00D871C3 /* Services */ = {
			isa = PBXGroup;
			children = (
				059545D12F6EF00200D871C3 /* StorageService.swift */,
				059545DB2F6F100100D871C3 /* WorkoutHistoryService.swift */,
				059545C32F6EE99700D871C3 /* TimeService.swift */,
				059545C52F6EE99D00D871C3 /* AudioService.swift */,
				059545CB2F6F087400D871C3 /* HapticService.swift */,
			);
			path = Services;
			sourceTree = "<group>";
		};
		059545CD2F6F0D9D00D871C3 /* Sounds */ = {
			isa = PBXGroup;
			children = (
				059545CE2F6F0DE800D871C3 /* start.mp3 */,
				059545D02F6F0E0400D871C3 /* beep.mp3 */,
			);
			path = Sounds;
			sourceTree = "<group>";
		};
/* End PBXGroup section */

/* Begin PBXNativeTarget section */
		059545982F6ED77A00D871C3 /* SimpleTabata */ = {
			isa = PBXNativeTarget;
			buildConfigurationList = 059545A42F6ED77B00D871C3 /* Build configuration list for PBXNativeTarget "SimpleTabata" */;
			buildPhases = (
				059545952F6ED77A00D871C3 /* Sources */,
				059545962F6ED77A00D871C3 /* Frameworks */,
				059545972F6ED77A00D871C3 /* Resources */,
			);
			buildRules = (
			);
			dependencies = (
			);
			name = SimpleTabata;
			packageProductDependencies = (
			);
			productName = SimpleTabata;
			productReference = 059545992F6ED77A00D871C3 /* SimpleTabata.app */;
			productType = "com.apple.product-type.application";
		};
/* End PBXNativeTarget section */

/* Begin PBXProject section */
		059545912F6ED77A00D871C3 /* Project object */ = {
			isa = PBXProject;
			attributes = {
				BuildIndependentTargetsInParallel = 1;
				LastSwiftUpdateCheck = 2630;
				LastUpgradeCheck = 2630;
				TargetAttributes = {
					059545982F6ED77A00D871C3 = {
						CreatedOnToolsVersion = 26.3;
					};
				};
			};
			buildConfigurationList = 059545942F6ED77A00D871C3 /* Build configuration list for PBXProject "SimpleTabata" */;
			developmentRegion = en;
			hasScannedForEncodings = 0;
			knownRegions = (
				en,
				Base,
			);
			mainGroup = 059545902F6ED77A00D871C3;
			minimizedProjectReferenceProxies = 1;
			preferredProjectObjectVersion = 77;
			productRefGroup = 0595459A2F6ED77A00D871C3 /* Products */;
			projectDirPath = "";
			projectRoot = "";
			targets = (
				059545982F6ED77A00D871C3 /* SimpleTabata */,
			);
		};
/* End PBXProject section */

/* Begin PBXResourcesBuildPhase section */
		059545972F6ED77A00D871C3 /* Resources */ = {
			isa = PBXResourcesBuildPhase;
			buildActionMask = 2147483647;
			files = (
				059545AD2F6ED78F00D871C3 /* Assets.xcassets in Resources */,
				059545D32F6F13B200D871C3 /* launchScreen.storyboard in Resources */,
				059545CF2F6F0DE800D871C3 /* start.mp3 in Resources */,
				059545D12F6F0E0400D871C3 /* beep.mp3 in Resources */,
			);
			runOnlyForDeploymentPostprocessing = 0;
		};
/* End PBXResourcesBuildPhase section */

/* Begin PBXSourcesBuildPhase section */
		059545952F6ED77A00D871C3 /* Sources */ = {
			isa = PBXSourcesBuildPhase;
			buildActionMask = 2147483647;
			files = (
				059545B22F6ED7CB00D871C3 /* TimerViewModel.swift in Sources */,
				059545BB2F6EDCC800D871C3 /* PhaseTitleView.swift in Sources */,
				059545B62F6ED7FD00D871C3 /* TimerSettingsView.swift in Sources */,
				059545B42F6ED7F000D871C3 /* TimerView.swift in Sources */,
				059545B92F6EDBB400D871C3 /* MainTimeView.swift in Sources */,
				059545AC2F6ED78F00D871C3 /* SimpleTabataApp.swift in Sources */,
				059545C42F6EE99700D871C3 /* TimeService.swift in Sources */,
				059545BF2F6EE1A700D871C3 /* TimeButton.swift in Sources */,
				059545C62F6EE99D00D871C3 /* AudioService.swift in Sources */,
				059545BD2F6EDDFC00D871C3 /* InfoView.swift in Sources */,
				059545C82F6EEB4C00D871C3 /* TimeActionButton.swift in Sources */,
				059545CA2F6F03F400D871C3 /* FavoriteTimerView.swift in Sources */,
				059545C12F6EE81400D871C3 /* Phase.swift in Sources */,
				059545EA2F6F300100D871C3 /* PhaseAppearance.swift in Sources */,
				059545CE2F6EF00200D871C3 /* AppData.swift in Sources */,
				059545D02F6EF00200D871C3 /* StorageService.swift in Sources */,
				059545D82F6F100100D871C3 /* WorkoutHistoryEntry.swift in Sources */,
				059545DA2F6F100100D871C3 /* WorkoutHistoryService.swift in Sources */,
				059545DC2F6F100100D871C3 /* SaveFavoriteParametersSheet.swift in Sources */,
				05C8073A2F72B56700C5E8E0 /* ProfileView.swift in Sources */,
				05C8073B2F72C10000C5E8E0 /* TimerColorEditorView.swift in Sources */,
				059545CC2F6F087400D871C3 /* HapticService.swift in Sources */,
			);
			runOnlyForDeploymentPostprocessing = 0;
		};
/* End PBXSourcesBuildPhase section */

/* Begin XCBuildConfiguration section */
		059545A22F6ED77B00D871C3 /* Debug */ = {
			isa = XCBuildConfiguration;
			buildSettings = {
				ALWAYS_SEARCH_USER_PATHS = NO;
				ASSETCATALOG_COMPILER_GENERATE_SWIFT_ASSET_SYMBOL_EXTENSIONS = YES;
				CLANG_ANALYZER_NONNULL = YES;
				CLANG_ANALYZER_NUMBER_OBJECT_CONVERSION = YES_AGGRESSIVE;
				CLANG_CXX_LANGUAGE_STANDARD = "gnu++20";
				CLANG_ENABLE_MODULES = YES;
				CLANG_ENABLE_OBJC_ARC = YES;
				CLANG_ENABLE_OBJC_WEAK = YES;
				CLANG_WARN_BLOCK_CAPTURE_AUTORELEASING = YES;
				CLANG_WARN_BOOL_CONVERSION = YES;
				CLANG_WARN_COMMA = YES;
				CLANG_WARN_CONSTANT_CONVERSION = YES;
				CLANG_WARN_DEPRECATED_OBJC_IMPLEMENTATIONS = YES;
				CLANG_WARN_DIRECT_OBJC_ISA_USAGE = YES_ERROR;
				CLANG_WARN_DOCUMENTATION_COMMENTS = YES;
				CLANG_WARN_EMPTY_BODY = YES;
				CLANG_WARN_ENUM_CONVERSION = YES;
				CLANG_WARN_INFINITE_RECURSION = YES;
				CLANG_WARN_INT_CONVERSION = YES;
				CLANG_WARN_NON_LITERAL_NULL_CONVERSION = YES;
				CLANG_WARN_OBJC_IMPLICIT_RETAIN_SELF = YES;
				CLANG_WARN_OBJC_LITERAL_CONVERSION = YES;
				CLANG_WARN_OBJC_ROOT_CLASS = YES_ERROR;
				CLANG_WARN_QUOTED_INCLUDE_IN_FRAMEWORK_HEADER = YES;
				CLANG_WARN_RANGE_LOOP_ANALYSIS = YES;
				CLANG_WARN_STRICT_PROTOTYPES = YES;
				CLANG_WARN_SUSPICIOUS_MOVE = YES;
				CLANG_WARN_UNGUARDED_AVAILABILITY = YES_AGGRESSIVE;
				CLANG_WARN_UNREACHABLE_CODE = YES;
				CLANG_WARN__DUPLICATE_METHOD_MATCH = YES;
				COPY_PHASE_STRIP = NO;
				DEBUG_INFORMATION_FORMAT = dwarf;
				DEVELOPMENT_TEAM = AM64M5A8BU;
				ENABLE_STRICT_OBJC_MSGSEND = YES;
				ENABLE_TESTABILITY = YES;
				ENABLE_USER_SCRIPT_SANDBOXING = YES;
				GCC_C_LANGUAGE_STANDARD = gnu17;
				GCC_DYNAMIC_NO_PIC = NO;
				GCC_NO_COMMON_BLOCKS = YES;
				GCC_OPTIMIZATION_LEVEL = 0;
				GCC_PREPROCESSOR_DEFINITIONS = (
					"DEBUG=1",
					"$(inherited)",
				);
				GCC_WARN_64_TO_32_BIT_CONVERSION = YES;
				GCC_WARN_ABOUT_RETURN_TYPE = YES_ERROR;
				GCC_WARN_UNDECLARED_SELECTOR = YES;
				GCC_WARN_UNINITIALIZED_AUTOS = YES_AGGRESSIVE;
				GCC_WARN_UNUSED_FUNCTION = YES;
				GCC_WARN_UNUSED_VARIABLE = YES;
				IPHONEOS_DEPLOYMENT_TARGET = 26.2;
				LOCALIZATION_PREFERS_STRING_CATALOGS = YES;
				MTL_ENABLE_DEBUG_INFO = INCLUDE_SOURCE;
				MTL_FAST_MATH = YES;
				ONLY_ACTIVE_ARCH = YES;
				SDKROOT = iphoneos;
				SWIFT_ACTIVE_COMPILATION_CONDITIONS = "DEBUG $(inherited)";
				SWIFT_OPTIMIZATION_LEVEL = "-Onone";
			};
			name = Debug;
		};
		059545A32F6ED77B00D871C3 /* Release */ = {
			isa = XCBuildConfiguration;
			buildSettings = {
				ALWAYS_SEARCH_USER_PATHS = NO;
				ASSETCATALOG_COMPILER_GENERATE_SWIFT_ASSET_SYMBOL_EXTENSIONS = YES;
				CLANG_ANALYZER_NONNULL = YES;
				CLANG_ANALYZER_NUMBER_OBJECT_CONVERSION = YES_AGGRESSIVE;
				CLANG_CXX_LANGUAGE_STANDARD = "gnu++20";
				CLANG_ENABLE_MODULES = YES;
				CLANG_ENABLE_OBJC_ARC = YES;
				CLANG_ENABLE_OBJC_WEAK = YES;
				CLANG_WARN_BLOCK_CAPTURE_AUTORELEASING = YES;
				CLANG_WARN_BOOL_CONVERSION = YES;
				CLANG_WARN_COMMA = YES;
				CLANG_WARN_CONSTANT_CONVERSION = YES;
				CLANG_WARN_DEPRECATED_OBJC_IMPLEMENTATIONS = YES;
				CLANG_WARN_DIRECT_OBJC_ISA_USAGE = YES_ERROR;
				CLANG_WARN_DOCUMENTATION_COMMENTS = YES;
				CLANG_WARN_EMPTY_BODY = YES;
				CLANG_WARN_ENUM_CONVERSION = YES;
				CLANG_WARN_INFINITE_RECURSION = YES;
				CLANG_WARN_INT_CONVERSION = YES;
				CLANG_WARN_NON_LITERAL_NULL_CONVERSION = YES;
				CLANG_WARN_OBJC_IMPLICIT_RETAIN_SELF = YES;
				CLANG_WARN_OBJC_LITERAL_CONVERSION = YES;
				CLANG_WARN_OBJC_ROOT_CLASS = YES_ERROR;
				CLANG_WARN_QUOTED_INCLUDE_IN_FRAMEWORK_HEADER = YES;
				CLANG_WARN_RANGE_LOOP_ANALYSIS = YES;
				CLANG_WARN_STRICT_PROTOTYPES = YES;
				CLANG_WARN_SUSPICIOUS_MOVE = YES;
				CLANG_WARN_UNGUARDED_AVAILABILITY = YES_AGGRESSIVE;
				CLANG_WARN_UNREACHABLE_CODE = YES;
				CLANG_WARN__DUPLICATE_METHOD_MATCH = YES;
				COPY_PHASE_STRIP = NO;
				DEBUG_INFORMATION_FORMAT = "dwarf-with-dsym";
				DEVELOPMENT_TEAM = AM64M5A8BU;
				ENABLE_NS_ASSERTIONS = NO;
				ENABLE_STRICT_OBJC_MSGSEND = YES;
				ENABLE_USER_SCRIPT_SANDBOXING = YES;
				GCC_C_LANGUAGE_STANDARD = gnu17;
				GCC_NO_COMMON_BLOCKS = YES;
				GCC_WARN_64_TO_32_BIT_CONVERSION = YES;
				GCC_WARN_ABOUT_RETURN_TYPE = YES_ERROR;
				GCC_WARN_UNDECLARED_SELECTOR = YES;
				GCC_WARN_UNINITIALIZED_AUTOS = YES_AGGRESSIVE;
				GCC_WARN_UNUSED_FUNCTION = YES;
				GCC_WARN_UNUSED_VARIABLE = YES;
				IPHONEOS_DEPLOYMENT_TARGET = 26.2;
				LOCALIZATION_PREFERS_STRING_CATALOGS = YES;
				MTL_ENABLE_DEBUG_INFO = NO;
				MTL_FAST_MATH = YES;
				SDKROOT = iphoneos;
				SWIFT_COMPILATION_MODE = wholemodule;
				VALIDATE_PRODUCT = YES;
			};
			name = Release;
		};
		059545A52F6ED77B00D871C3 /* Debug */ = {
			isa = XCBuildConfiguration;
			buildSettings = {
				ASSETCATALOG_COMPILER_APPICON_NAME = AppIcon;
				ASSETCATALOG_COMPILER_GLOBAL_ACCENT_COLOR_NAME = AccentColor;
				CODE_SIGN_STYLE = Automatic;
				CURRENT_PROJECT_VERSION = 1;
				DEVELOPMENT_TEAM = AM64M5A8BU;
				ENABLE_PREVIEWS = YES;
				GENERATE_INFOPLIST_FILE = YES;
				INFOPLIST_KEY_CFBundleDisplayName = Tabata;
				INFOPLIST_KEY_LSApplicationCategoryType = "public.app-category.sports";
				INFOPLIST_KEY_UIApplicationSceneManifest_Generation = YES;
				INFOPLIST_KEY_UIApplicationSupportsIndirectInputEvents = YES;
				INFOPLIST_KEY_UILaunchScreen_Generation = YES;
				INFOPLIST_KEY_UILaunchStoryboardName = launchScreen.storyboard;
				INFOPLIST_KEY_UISupportedInterfaceOrientations = "UIInterfaceOrientationLandscapeLeft UIInterfaceOrientationLandscapeRight UIInterfaceOrientationPortrait";
				INFOPLIST_KEY_UISupportedInterfaceOrientations_iPad = "UIInterfaceOrientationLandscapeLeft UIInterfaceOrientationLandscapeRight UIInterfaceOrientationPortrait UIInterfaceOrientationPortraitUpsideDown";
				IPHONEOS_DEPLOYMENT_TARGET = 18;
				LD_RUNPATH_SEARCH_PATHS = (
					"$(inherited)",
					"@executable_path/Frameworks",
				);
				MARKETING_VERSION = 1.2.0;
				PRODUCT_BUNDLE_IDENTIFIER = DenisDenisov.SimpleTabata;
				PRODUCT_NAME = "$(TARGET_NAME)";
				STRING_CATALOG_GENERATE_SYMBOLS = YES;
				SUPPORTED_PLATFORMS = "iphoneos iphonesimulator";
				SUPPORTS_MACCATALYST = NO;
				SUPPORTS_MAC_DESIGNED_FOR_IPHONE_IPAD = NO;
				SUPPORTS_XR_DESIGNED_FOR_IPHONE_IPAD = NO;
				SWIFT_APPROACHABLE_CONCURRENCY = YES;
				SWIFT_DEFAULT_ACTOR_ISOLATION = MainActor;
				SWIFT_EMIT_LOC_STRINGS = YES;
				SWIFT_UPCOMING_FEATURE_MEMBER_IMPORT_VISIBILITY = NO;
				SWIFT_VERSION = 5.0;
				TARGETED_DEVICE_FAMILY = 1;
			};
			name = Debug;
		};
		059545A62F6ED77B00D871C3 /* Release */ = {
			isa = XCBuildConfiguration;
			buildSettings = {
				ASSETCATALOG_COMPILER_APPICON_NAME = AppIcon;
				ASSETCATALOG_COMPILER_GLOBAL_ACCENT_COLOR_NAME = AccentColor;
				CODE_SIGN_STYLE = Automatic;
				CURRENT_PROJECT_VERSION = 1;
				DEVELOPMENT_TEAM = AM64M5A8BU;
				ENABLE_PREVIEWS = YES;
				GENERATE_INFOPLIST_FILE = YES;
				INFOPLIST_KEY_CFBundleDisplayName = Tabata;
				INFOPLIST_KEY_LSApplicationCategoryType = "public.app-category.sports";
				INFOPLIST_KEY_UIApplicationSceneManifest_Generation = YES;
				INFOPLIST_KEY_UIApplicationSupportsIndirectInputEvents = YES;
				INFOPLIST_KEY_UILaunchScreen_Generation = YES;
				INFOPLIST_KEY_UILaunchStoryboardName = launchScreen.storyboard;
				INFOPLIST_KEY_UISupportedInterfaceOrientations = "UIInterfaceOrientationLandscapeLeft UIInterfaceOrientationLandscapeRight UIInterfaceOrientationPortrait";
				INFOPLIST_KEY_UISupportedInterfaceOrientations_iPad = "UIInterfaceOrientationLandscapeLeft UIInterfaceOrientationLandscapeRight UIInterfaceOrientationPortrait UIInterfaceOrientationPortraitUpsideDown";
				IPHONEOS_DEPLOYMENT_TARGET = 18;
				LD_RUNPATH_SEARCH_PATHS = (
					"$(inherited)",
					"@executable_path/Frameworks",
				);
				MARKETING_VERSION = 1.2.0;
				PRODUCT_BUNDLE_IDENTIFIER = DenisDenisov.SimpleTabata;
				PRODUCT_NAME = "$(TARGET_NAME)";
				STRING_CATALOG_GENERATE_SYMBOLS = YES;
				SUPPORTED_PLATFORMS = "iphoneos iphonesimulator";
				SUPPORTS_MACCATALYST = NO;
				SUPPORTS_MAC_DESIGNED_FOR_IPHONE_IPAD = NO;
				SUPPORTS_XR_DESIGNED_FOR_IPHONE_IPAD = NO;
				SWIFT_APPROACHABLE_CONCURRENCY = YES;
				SWIFT_DEFAULT_ACTOR_ISOLATION = MainActor;
				SWIFT_EMIT_LOC_STRINGS = YES;
				SWIFT_UPCOMING_FEATURE_MEMBER_IMPORT_VISIBILITY = NO;
				SWIFT_VERSION = 5.0;
				TARGETED_DEVICE_FAMILY = 1;
			};
			name = Release;
		};
/* End XCBuildConfiguration section */

/* Begin XCConfigurationList section */
		059545942F6ED77A00D871C3 /* Build configuration list for PBXProject "SimpleTabata" */ = {
			isa = XCConfigurationList;
			buildConfigurations = (
				059545A22F6ED77B00D871C3 /* Debug */,
				059545A32F6ED77B00D871C3 /* Release */,
			);
			defaultConfigurationIsVisible = 0;
			defaultConfigurationName = Release;
		};
		059545A42F6ED77B00D871C3 /* Build configuration list for PBXNativeTarget "SimpleTabata" */ = {
			isa = XCConfigurationList;
			buildConfigurations = (
				059545A52F6ED77B00D871C3 /* Debug */,
				059545A62F6ED77B00D871C3 /* Release */,
			);
			defaultConfigurationIsVisible = 0;
			defaultConfigurationName = Release;
		};
/* End XCConfigurationList section */
	};
	rootObject = 059545912F6ED77A00D871C3 /* Project object */;
}
